{
    "_readme": [
        "This file locks the dependencies of your project to a known state",
        "Read more about it at https://getcomposer.org/doc/01-basic-usage.md#installing-dependencies",
        "This file is @generated automatically"
    ],
    "content-hash": "168d4295da97013c865fd7a3f4976b2f",
    "packages": [
        {
            "name": "mirazmac/php-deep-fry",
            "version": "v1.0",
            "source": {
                "type": "git",
                "url": "https://github.com/MirazMac/php-deep-fry.git",
                "reference": "2fbabce469c6023a7cdf7cfec736602dd3ae5db0"
            },
            "dist": {
                "type": "zip",
                "url": "https://api.github.com/repos/MirazMac/php-deep-fry/zipball/2fbabce469c6023a7cdf7cfec736602dd3ae5db0",
                "reference": "2fbabce469c6023a7cdf7cfec736602dd3ae5db0",
                "shasum": ""
            },
            "require": {
                "ext-gd": "*",
                "php": ">=5.4.0"
            },
            "type": "library",
            "autoload": {
                "psr-4": {
                    "MirazMac\\DeepFry\\": "src/"
                }
            },
            "notification-url": "https://packagist.org/downloads/",
            "license": [
                "MIT"
            ],
            "authors": [
                {
                    "name": "Miraz Mac",
                    "email": "mirazmac@gmail.com",
                    "homepage": "https://mirazmac.info",
                    "role": "Original Author"
                }
            ],
            "description": "A Deep Fryer written in PHP to cook some smokin' hot memes!",
            "homepage": "https://github.com/mirazmac/php-deep-fry",
            "keywords": [
                "deep fry",
                "deep fryer",
                "image fryer",
                "image processing",
                "meme",
                "meme fryer"
            ],
            "time": "2018-11-06T09:58:02+00:00"
        },
        {
            "name": "predis/predis",
            "version": "v1.1.1",
            "source": {
                "type": "git",
                "url": "https://github.com/nrk/predis.git",
                "reference": "f0210e38881631afeafb56ab43405a92cafd9fd1"
            },
            "dist": {
                "type": "zip",
                "url": "https://api.github.com/repos/nrk/predis/zipball/f0210e38881631afeafb56ab43405a92cafd9fd1",
                "reference": "f0210e38881631afeafb56ab43405a92cafd9fd1",
                "shasum": ""
            },
            "require": {
                "php": ">=5.3.9"
            },
            "require-dev": {
                "phpunit/phpunit": "~4.8"
            },
            "suggest": {
                "ext-curl": "Allows access to Webdis when paired with phpiredis",
                "ext-phpiredis": "Allows faster serialization and deserialization of the Redis protocol"
            },
            "type": "library",
            "autoload": {
                "psr-4": {
                    "Predis\\": "src/"
                }
            },
            "notification-url": "https://packagist.org/downloads/",
            "license": [
                "MIT"
            ],
            "authors": [
                {
                    "name": "Daniele Alessandri",
                    "email": "suppakilla@gmail.com",
                    "homepage": "http://clorophilla.net"
                }
            ],
            "description": "Flexible and feature-complete Redis client for PHP and HHVM",
            "homepage": "http://github.com/nrk/predis",
            "keywords": [
                "nosql",
                "predis",
                "redis"
            ],
            "time": "2016-06-16T16:22:20+00:00"
        }
    ],
    "packages-dev": [],
    "aliases": [],
    "minimum-stability": "stable",
    "stability-flags": [],
    "prefer-stable": false,
    "prefer-lowest": false,
    "platform": [],
    "platform-dev": []
}
